// !$*UTF8*$!
{
	archiveVersion = 1;
	classes = {
	};
	objectVersion = 51;
	objects = {

/* Begin PBXBuildFile section */
		1C4CC1BA33C1326D29ABBDA2 /* Pods_TheMovieApp.framework in Frameworks */ = {isa = PBXBuildFile; fileRef = 8B1DC33441CDDA94349BDB5C /* Pods_TheMovieApp.framework */; };
		8914B610234BC883000EC92A /* MovieDetailEntity.swift in Sources */ = {isa = PBXBuildFile; fileRef = 8914B60F234BC883000EC92A /* MovieDetailEntity.swift */; };
		8930E2B7234AA41400B19C22 /* AnimatorHelper.swift in Sources */ = {isa = PBXBuildFile; fileRef = 8930E2B6234AA41400B19C22 /* AnimatorHelper.swift */; };
		8930E2BB234AA47D00B19C22 /* Extensions.swift in Sources */ = {isa = PBXBuildFile; fileRef = 8930E2BA234AA47D00B19C22 /* Extensions.swift */; };
		8930E2BD234AA50A00B19C22 /* DataManagerProtocols.swift in Sources */ = {isa = PBXBuildFile; fileRef = 8930E2BC234AA50A00B19C22 /* DataManagerProtocols.swift */; };
		8941878F234C2E2D002DDA43 /* ImageDownloader.swift in Sources */ = {isa = PBXBuildFile; fileRef = 8941878E234C2E2D002DDA43 /* ImageDownloader.swift */; };
		8942DB96234BD7F900511EBF /* VideoPlayerViewController.swift in Sources */ = {isa = PBXBuildFile; fileRef = 8942DB95234BD7F900511EBF /* VideoPlayerViewController.swift */; };
		894772C42344EB6B0038EAC3 /* APIConstants.swift in Sources */ = {isa = PBXBuildFile; fileRef = 894772C32344EB6B0038EAC3 /* APIConstants.swift */; };
		894C7B83234C42CB003647D4 /* BlurEffectHelper.swift in Sources */ = {isa = PBXBuildFile; fileRef = 894C7B82234C42CB003647D4 /* BlurEffectHelper.swift */; };
		8951489F23462D6400597E3E /* APIClient.swift in Sources */ = {isa = PBXBuildFile; fileRef = 8951489E23462D6400597E3E /* APIClient.swift */; };
		895148A523466FF100597E3E /* Constants.swift in Sources */ = {isa = PBXBuildFile; fileRef = 895148A423466FF100597E3E /* Constants.swift */; };
		8968196B234C543D00E72E72 /* ViewTransitionHelper.swift in Sources */ = {isa = PBXBuildFile; fileRef = 8968196A234C543D00E72E72 /* ViewTransitionHelper.swift */; };
		896D29BF234C604D007670A6 /* AlertViewHelper.swift in Sources */ = {isa = PBXBuildFile; fileRef = 896D29BE234C604D007670A6 /* AlertViewHelper.swift */; };
		89796DAA2343AD310031835C /* RoundButton.swift in Sources */ = {isa = PBXBuildFile; fileRef = 89796DA92343AD310031835C /* RoundButton.swift */; };
		89796DAE2343E36D0031835C /* MovieTableViewCell.swift in Sources */ = {isa = PBXBuildFile; fileRef = 89796DAC2343E36D0031835C /* MovieTableViewCell.swift */; };
		89796DAF2343E36D0031835C /* MovieTableViewCell.xib in Resources */ = {isa = PBXBuildFile; fileRef = 89796DAD2343E36D0031835C /* MovieTableViewCell.xib */; };
		89796DB52343E62A0031835C /* avant-garde-regular.otf in Resources */ = {isa = PBXBuildFile; fileRef = 89796DB32343E62A0031835C /* avant-garde-regular.otf */; };
		89796DB62343E62A0031835C /* avant-garde-light.otf in Resources */ = {isa = PBXBuildFile; fileRef = 89796DB42343E62A0031835C /* avant-garde-light.otf */; };
		897B3515234A3FC500E0A2E6 /* DataManager.swift in Sources */ = {isa = PBXBuildFile; fileRef = 897B3514234A3FC500E0A2E6 /* DataManager.swift */; };
		89877112234AFF7C0094E56C /* CategoryFilterViewController.swift in Sources */ = {isa = PBXBuildFile; fileRef = 89877111234AFF7C0094E56C /* CategoryFilterViewController.swift */; };
		89877115234B006B0094E56C /* CategoryTableViewCell.swift in Sources */ = {isa = PBXBuildFile; fileRef = 89877113234B006B0094E56C /* CategoryTableViewCell.swift */; };
		89877116234B006B0094E56C /* CategoryTableViewCell.xib in Resources */ = {isa = PBXBuildFile; fileRef = 89877114234B006B0094E56C /* CategoryTableViewCell.xib */; };
		8998F19523426A9E00FD8364 /* AppDelegate.swift in Sources */ = {isa = PBXBuildFile; fileRef = 8998F19423426A9E00FD8364 /* AppDelegate.swift */; };
		8998F19723426A9E00FD8364 /* SceneDelegate.swift in Sources */ = {isa = PBXBuildFile; fileRef = 8998F19623426A9E00FD8364 /* SceneDelegate.swift */; };
		8998F19C23426A9E00FD8364 /* Main.storyboard in Resources */ = {isa = PBXBuildFile; fileRef = 8998F19A23426A9E00FD8364 /* Main.storyboard */; };
		8998F19F23426A9E00FD8364 /* TheMovieApp.xcdatamodeld in Sources */ = {isa = PBXBuildFile; fileRef = 8998F19D23426A9E00FD8364 /* TheMovieApp.xcdatamodeld */; };
		8998F1A123426AA000FD8364 /* Assets.xcassets in Resources */ = {isa = PBXBuildFile; fileRef = 8998F1A023426AA000FD8364 /* Assets.xcassets */; };
		8998F1A423426AA000FD8364 /* LaunchScreen.storyboard in Resources */ = {isa = PBXBuildFile; fileRef = 8998F1A223426AA000FD8364 /* LaunchScreen.storyboard */; };
		89A17AFF23440972007B9281 /* Helpers.swift in Sources */ = {isa = PBXBuildFile; fileRef = 89A17AFE23440972007B9281 /* Helpers.swift */; };
		89AC47FE234D8B29006D9B45 /* InteractorTests.swift in Sources */ = {isa = PBXBuildFile; fileRef = 89AC47FD234D8B29006D9B45 /* InteractorTests.swift */; };
		89AC4800234D8D8D006D9B45 /* APIClientMock.swift in Sources */ = {isa = PBXBuildFile; fileRef = 89AC47FF234D8D8D006D9B45 /* APIClientMock.swift */; };
		89DA298E2347C23400C8BF50 /* CacheDataManager.swift in Sources */ = {isa = PBXBuildFile; fileRef = 89DA298D2347C23400C8BF50 /* CacheDataManager.swift */; };
		89DA29902347CEDA00C8BF50 /* loader.json in Resources */ = {isa = PBXBuildFile; fileRef = 89DA298F2347CEDA00C8BF50 /* loader.json */; };
		89DA29942347CF5400C8BF50 /* LoaderView.swift in Sources */ = {isa = PBXBuildFile; fileRef = 89DA29922347CF5400C8BF50 /* LoaderView.swift */; };
		89E77286234398A4007FAB25 /* CatalogViewController.swift in Sources */ = {isa = PBXBuildFile; fileRef = 89E77285234398A4007FAB25 /* CatalogViewController.swift */; };
		89E772882343991D007FAB25 /* CatalogProtocols.swift in Sources */ = {isa = PBXBuildFile; fileRef = 89E772872343991D007FAB25 /* CatalogProtocols.swift */; };
		89E7728A234399F1007FAB25 /* CatalogEntity.swift in Sources */ = {isa = PBXBuildFile; fileRef = 89E77289234399F1007FAB25 /* CatalogEntity.swift */; };
		89E7728C23439F85007FAB25 /* CatalogInteractor.swift in Sources */ = {isa = PBXBuildFile; fileRef = 89E7728B23439F85007FAB25 /* CatalogInteractor.swift */; };
		89E7728E23439F93007FAB25 /* CatalogPresenter.swift in Sources */ = {isa = PBXBuildFile; fileRef = 89E7728D23439F93007FAB25 /* CatalogPresenter.swift */; };
		89E7729023439FA3007FAB25 /* CatalogRouter.swift in Sources */ = {isa = PBXBuildFile; fileRef = 89E7728F23439FA3007FAB25 /* CatalogRouter.swift */; };
		89E7729A2343A221007FAB25 /* MovieDetailProtocols.swift in Sources */ = {isa = PBXBuildFile; fileRef = 89E772992343A221007FAB25 /* MovieDetailProtocols.swift */; };
		89E7729C2343A2D6007FAB25 /* MovieDetailViewController.swift in Sources */ = {isa = PBXBuildFile; fileRef = 89E7729B2343A2D6007FAB25 /* MovieDetailViewController.swift */; };
		89E7729E2343A37C007FAB25 /* MovieDetailInteractor.swift in Sources */ = {isa = PBXBuildFile; fileRef = 89E7729D2343A37C007FAB25 /* MovieDetailInteractor.swift */; };
		89E772A02343A385007FAB25 /* MovieDetailPresenter.swift in Sources */ = {isa = PBXBuildFile; fileRef = 89E7729F2343A385007FAB25 /* MovieDetailPresenter.swift */; };
		89E772A22343A391007FAB25 /* MovieDetailRouter.swift in Sources */ = {isa = PBXBuildFile; fileRef = 89E772A12343A391007FAB25 /* MovieDetailRouter.swift */; };
		B3FE99B9C1B9C35DE89FA177 /* Pods_TheMovieAppTests.framework in Frameworks */ = {isa = PBXBuildFile; fileRef = 521932DCD80F09796D23BF64 /* Pods_TheMovieAppTests.framework */; };
/* End PBXBuildFile section */

/* Begin PBXContainerItemProxy section */
		8998F1AB23426AA000FD8364 /* PBXContainerItemProxy */ = {
			isa = PBXContainerItemProxy;
			containerPortal = 8998F18923426A9E00FD8364 /* Project object */;
			proxyType = 1;
			remoteGlobalIDString = 8998F19023426A9E00FD8364;
			remoteInfo = TheMovieApp;
		};
/* End PBXContainerItemProxy section */

/* Begin PBXFileReference section */
		103F1069FED5FA20C8A14B8D /* Pods-TheMovieApp.debug.xcconfig */ = {isa = PBXFileReference; includeInIndex = 1; lastKnownFileType = text.xcconfig; name = "Pods-TheMovieApp.debug.xcconfig"; path = "Pods/Target Support Files/Pods-TheMovieApp/Pods-TheMovieApp.debug.xcconfig"; sourceTree = "<group>"; };
		521932DCD80F09796D23BF64 /* Pods_TheMovieAppTests.framework */ = {isa = PBXFileReference; explicitFileType = wrapper.framework; includeInIndex = 0; path = Pods_TheMovieAppTests.framework; sourceTree = BUILT_PRODUCTS_DIR; };
		642B794A194C8833D66F7F27 /* Pods-TheMovieApp.release.xcconfig */ = {isa = PBXFileReference; includeInIndex = 1; lastKnownFileType = text.xcconfig; name = "Pods-TheMovieApp.release.xcconfig"; path = "Pods/Target Support Files/Pods-TheMovieApp/Pods-TheMovieApp.release.xcconfig"; sourceTree = "<group>"; };
		72002CE99965FA4EE46B0A03 /* Pods-TheMovieAppTests.debug.xcconfig */ = {isa = PBXFileReference; includeInIndex = 1; lastKnownFileType = text.xcconfig; name = "Pods-TheMovieAppTests.debug.xcconfig"; path = "Pods/Target Support Files/Pods-TheMovieAppTests/Pods-TheMovieAppTests.debug.xcconfig"; sourceTree = "<group>"; };
		8914B60F234BC883000EC92A /* MovieDetailEntity.swift */ = {isa = PBXFileReference; lastKnownFileType = sourcecode.swift; path = MovieDetailEntity.swift; sourceTree = "<group>"; };
		8930E2B6234AA41400B19C22 /* AnimatorHelper.swift */ = {isa = PBXFileReference; lastKnownFileType = sourcecode.swift; path = AnimatorHelper.swift; sourceTree = "<group>"; };
		8930E2BA234AA47D00B19C22 /* Extensions.swift */ = {isa = PBXFileReference; lastKnownFileType = sourcecode.swift; path = Extensions.swift; sourceTree = "<group>"; };
		8930E2BC234AA50A00B19C22 /* DataManagerProtocols.swift */ = {isa = PBXFileReference; lastKnownFileType = sourcecode.swift; path = DataManagerProtocols.swift; sourceTree = "<group>"; };
		8941878E234C2E2D002DDA43 /* ImageDownloader.swift */ = {isa = PBXFileReference; lastKnownFileType = sourcecode.swift; path = ImageDownloader.swift; sourceTree = "<group>"; };
		8942DB95234BD7F900511EBF /* VideoPlayerViewController.swift */ = {isa = PBXFileReference; lastKnownFileType = sourcecode.swift; path = VideoPlayerViewController.swift; sourceTree = "<group>"; };
		894772C32344EB6B0038EAC3 /* APIConstants.swift */ = {isa = PBXFileReference; lastKnownFileType = sourcecode.swift; path = APIConstants.swift; sourceTree = "<group>"; };
		894C7B82234C42CB003647D4 /* BlurEffectHelper.swift */ = {isa = PBXFileReference; lastKnownFileType = sourcecode.swift; path = BlurEffectHelper.swift; sourceTree = "<group>"; };
		8951489E23462D6400597E3E /* APIClient.swift */ = {isa = PBXFileReference; lastKnownFileType = sourcecode.swift; path = APIClient.swift; sourceTree = "<group>"; };
		895148A423466FF100597E3E /* Constants.swift */ = {isa = PBXFileReference; lastKnownFileType = sourcecode.swift; path = Constants.swift; sourceTree = "<group>"; };
		8968196A234C543D00E72E72 /* ViewTransitionHelper.swift */ = {isa = PBXFileReference; lastKnownFileType = sourcecode.swift; path = ViewTransitionHelper.swift; sourceTree = "<group>"; };
		896D29BE234C604D007670A6 /* AlertViewHelper.swift */ = {isa = PBXFileReference; lastKnownFileType = sourcecode.swift; path = AlertViewHelper.swift; sourceTree = "<group>"; };
		89796DA92343AD310031835C /* RoundButton.swift */ = {isa = PBXFileReference; lastKnownFileType = sourcecode.swift; path = RoundButton.swift; sourceTree = "<group>"; };
		89796DAC2343E36D0031835C /* MovieTableViewCell.swift */ = {isa = PBXFileReference; lastKnownFileType = sourcecode.swift; path = MovieTableViewCell.swift; sourceTree = "<group>"; };
		89796DAD2343E36D0031835C /* MovieTableViewCell.xib */ = {isa = PBXFileReference; lastKnownFileType = file.xib; path = MovieTableViewCell.xib; sourceTree = "<group>"; };
		89796DB32343E62A0031835C /* avant-garde-regular.otf */ = {isa = PBXFileReference; lastKnownFileType = file; path = "avant-garde-regular.otf"; sourceTree = "<group>"; };
		89796DB42343E62A0031835C /* avant-garde-light.otf */ = {isa = PBXFileReference; lastKnownFileType = file; path = "avant-garde-light.otf"; sourceTree = "<group>"; };
		897B3514234A3FC500E0A2E6 /* DataManager.swift */ = {isa = PBXFileReference; lastKnownFileType = sourcecode.swift; path = DataManager.swift; sourceTree = "<group>"; };
		89877111234AFF7C0094E56C /* CategoryFilterViewController.swift */ = {isa = PBXFileReference; lastKnownFileType = sourcecode.swift; path = CategoryFilterViewController.swift; sourceTree = "<group>"; };
		89877113234B006B0094E56C /* CategoryTableViewCell.swift */ = {isa = PBXFileReference; lastKnownFileType = sourcecode.swift; path = CategoryTableViewCell.swift; sourceTree = "<group>"; };
		89877114234B006B0094E56C /* CategoryTableViewCell.xib */ = {isa = PBXFileReference; lastKnownFileType = file.xib; path = CategoryTableViewCell.xib; sourceTree = "<group>"; };
		8998F19123426A9E00FD8364 /* TheMovieApp.app */ = {isa = PBXFileReference; explicitFileType = wrapper.application; includeInIndex = 0; path = TheMovieApp.app; sourceTree = BUILT_PRODUCTS_DIR; };
		8998F19423426A9E00FD8364 /* AppDelegate.swift */ = {isa = PBXFileReference; lastKnownFileType = sourcecode.swift; path = AppDelegate.swift; sourceTree = "<group>"; };
		8998F19623426A9E00FD8364 /* SceneDelegate.swift */ = {isa = PBXFileReference; lastKnownFileType = sourcecode.swift; path = SceneDelegate.swift; sourceTree = "<group>"; };
		8998F19B23426A9E00FD8364 /* Base */ = {isa = PBXFileReference; lastKnownFileType = file.storyboard; name = Base; path = Base.lproj/Main.storyboard; sourceTree = "<group>"; };
		8998F19E23426A9E00FD8364 /* TheMovieApp.xcdatamodel */ = {isa = PBXFileReference; lastKnownFileType = wrapper.xcdatamodel; path = TheMovieApp.xcdatamodel; sourceTree = "<group>"; };
		8998F1A023426AA000FD8364 /* Assets.xcassets */ = {isa = PBXFileReference; lastKnownFileType = folder.assetcatalog; path = Assets.xcassets; sourceTree = "<group>"; };
		8998F1A323426AA000FD8364 /* Base */ = {isa = PBXFileReference; lastKnownFileType = file.storyboard; name = Base; path = Base.lproj/LaunchScreen.storyboard; sourceTree = "<group>"; };
		8998F1A523426AA000FD8364 /* Info.plist */ = {isa = PBXFileReference; lastKnownFileType = text.plist.xml; path = Info.plist; sourceTree = "<group>"; };
		8998F1AA23426AA000FD8364 /* TheMovieAppTests.xctest */ = {isa = PBXFileReference; explicitFileType = wrapper.cfbundle; includeInIndex = 0; path = TheMovieAppTests.xctest; sourceTree = BUILT_PRODUCTS_DIR; };
		8998F1B023426AA000FD8364 /* Info.plist */ = {isa = PBXFileReference; lastKnownFileType = text.plist.xml; path = Info.plist; sourceTree = "<group>"; };
		89A17AFE23440972007B9281 /* Helpers.swift */ = {isa = PBXFileReference; lastKnownFileType = sourcecode.swift; path = Helpers.swift; sourceTree = "<group>"; };
		89AC47FD234D8B29006D9B45 /* InteractorTests.swift */ = {isa = PBXFileReference; lastKnownFileType = sourcecode.swift; path = InteractorTests.swift; sourceTree = "<group>"; };
		89AC47FF234D8D8D006D9B45 /* APIClientMock.swift */ = {isa = PBXFileReference; lastKnownFileType = sourcecode.swift; path = APIClientMock.swift; sourceTree = "<group>"; };
		89DA298D2347C23400C8BF50 /* CacheDataManager.swift */ = {isa = PBXFileReference; lastKnownFileType = sourcecode.swift; path = CacheDataManager.swift; sourceTree = "<group>"; };
		89DA298F2347CEDA00C8BF50 /* loader.json */ = {isa = PBXFileReference; fileEncoding = 4; lastKnownFileType = text.json; path = loader.json; sourceTree = "<group>"; };
		89DA29922347CF5400C8BF50 /* LoaderView.swift */ = {isa = PBXFileReference; lastKnownFileType = sourcecode.swift; path = LoaderView.swift; sourceTree = "<group>"; };
		89E77285234398A4007FAB25 /* CatalogViewController.swift */ = {isa = PBXFileReference; lastKnownFileType = sourcecode.swift; path = CatalogViewController.swift; sourceTree = "<group>"; };
		89E772872343991D007FAB25 /* CatalogProtocols.swift */ = {isa = PBXFileReference; lastKnownFileType = sourcecode.swift; path = CatalogProtocols.swift; sourceTree = "<group>"; };
		89E77289234399F1007FAB25 /* CatalogEntity.swift */ = {isa = PBXFileReference; lastKnownFileType = sourcecode.swift; path = CatalogEntity.swift; sourceTree = "<group>"; };
		89E7728B23439F85007FAB25 /* CatalogInteractor.swift */ = {isa = PBXFileReference; lastKnownFileType = sourcecode.swift; path = CatalogInteractor.swift; sourceTree = "<group>"; };
		89E7728D23439F93007FAB25 /* CatalogPresenter.swift */ = {isa = PBXFileReference; lastKnownFileType = sourcecode.swift; path = CatalogPresenter.swift; sourceTree = "<group>"; };
		89E7728F23439FA3007FAB25 /* CatalogRouter.swift */ = {isa = PBXFileReference; lastKnownFileType = sourcecode.swift; path = CatalogRouter.swift; sourceTree = "<group>"; };
		89E772992343A221007FAB25 /* MovieDetailProtocols.swift */ = {isa = PBXFileReference; lastKnownFileType = sourcecode.swift; path = MovieDetailProtocols.swift; sourceTree = "<group>"; };
		89E7729B2343A2D6007FAB25 /* MovieDetailViewController.swift */ = {isa = PBXFileReference; lastKnownFileType = sourcecode.swift; path = MovieDetailViewController.swift; sourceTree = "<group>"; };
		89E7729D2343A37C007FAB25 /* MovieDetailInteractor.swift */ = {isa = PBXFileReference; lastKnownFileType = sourcecode.swift; path = MovieDetailInteractor.swift; sourceTree = "<group>"; };
		89E7729F2343A385007FAB25 /* MovieDetailPresenter.swift */ = {isa = PBXFileReference; lastKnownFileType = sourcecode.swift; path = MovieDetailPresenter.swift; sourceTree = "<group>"; };
		89E772A12343A391007FAB25 /* MovieDetailRouter.swift */ = {isa = PBXFileReference; lastKnownFileType = sourcecode.swift; path = MovieDetailRouter.swift; sourceTree = "<group>"; };
		8B1DC33441CDDA94349BDB5C /* Pods_TheMovieApp.framework */ = {isa = PBXFileReference; explicitFileType = wrapper.framework; includeInIndex = 0; path = Pods_TheMovieApp.framework; sourceTree = BUILT_PRODUCTS_DIR; };
		E3766DADBA1D2EBE206E7035 /* Pods-TheMovieAppTests.release.xcconfig */ = {isa = PBXFileReference; includeInIndex = 1; lastKnownFileType = text.xcconfig; name = "Pods-TheMovieAppTests.release.xcconfig"; path = "Pods/Target Support Files/Pods-TheMovieAppTests/Pods-TheMovieAppTests.release.xcconfig"; sourceTree = "<group>"; };
/* End PBXFileReference section */

/* Begin PBXFrameworksBuildPhase section */
		8998F18E23426A9E00FD8364 /* Frameworks */ = {
			isa = PBXFrameworksBuildPhase;
			buildActionMask = 2147483647;
			files = (
				1C4CC1BA33C1326D29ABBDA2 /* Pods_TheMovieApp.framework in Frameworks */,
			);
			runOnlyForDeploymentPostprocessing = 0;
		};
		8998F1A723426AA000FD8364 /* Frameworks */ = {
			isa = PBXFrameworksBuildPhase;
			buildActionMask = 2147483647;
			files = (
				B3FE99B9C1B9C35DE89FA177 /* Pods_TheMovieAppTests.framework in Frameworks */,
			);
			runOnlyForDeploymentPostprocessing = 0;
		};
/* End PBXFrameworksBuildPhase section */

/* Begin PBXGroup section */
		106993B56DBBC8A3B8BC33D0 /* Frameworks */ = {
			isa = PBXGroup;
			children = (
				8B1DC33441CDDA94349BDB5C /* Pods_TheMovieApp.framework */,
				521932DCD80F09796D23BF64 /* Pods_TheMovieAppTests.framework */,
			);
			name = Frameworks;
			sourceTree = "<group>";
		};
		3080B1C84E23E702E663D0F3 /* Pods */ = {
			isa = PBXGroup;
			children = (
				103F1069FED5FA20C8A14B8D /* Pods-TheMovieApp.debug.xcconfig */,
				642B794A194C8833D66F7F27 /* Pods-TheMovieApp.release.xcconfig */,
				72002CE99965FA4EE46B0A03 /* Pods-TheMovieAppTests.debug.xcconfig */,
				E3766DADBA1D2EBE206E7035 /* Pods-TheMovieAppTests.release.xcconfig */,
			);
			name = Pods;
			sourceTree = "<group>";
		};
		8914B611234BC88F000EC92A /* Entities */ = {
			isa = PBXGroup;
			children = (
				8914B60F234BC883000EC92A /* MovieDetailEntity.swift */,
			);
			path = Entities;
			sourceTree = "<group>";
		};
		8942DB97234BD7FE00511EBF /* VideoPlayerPreview */ = {
			isa = PBXGroup;
			children = (
				8942DB95234BD7F900511EBF /* VideoPlayerViewController.swift */,
			);
			path = VideoPlayerPreview;
			sourceTree = "<group>";
		};
		894772BB2344663F0038EAC3 /* Resources */ = {
			isa = PBXGroup;
			children = (
				89DA29912347CEE000C8BF50 /* Loader */,
				89796DB22343E5C30031835C /* Fonts */,
				89796DAB2343E1AA0031835C /* UIControls */,
				8968196C234C544700E72E72 /* Helpers */,
				895148A423466FF100597E3E /* Constants.swift */,
				8930E2BA234AA47D00B19C22 /* Extensions.swift */,
			);
			path = Resources;
			sourceTree = "<group>";
		};
		894772C72344EB8C0038EAC3 /* APIManager */ = {
			isa = PBXGroup;
			children = (
				8951489E23462D6400597E3E /* APIClient.swift */,
				894772C32344EB6B0038EAC3 /* APIConstants.swift */,
			);
			path = APIManager;
			sourceTree = "<group>";
		};
		89563862234BE77E00FBA749 /* Modules */ = {
			isa = PBXGroup;
			children = (
				89E772792343961E007FAB25 /* Catalog */,
				89E7727A23439627007FAB25 /* MovieDetail */,
				89B81F79234AFDA000C23A37 /* CategoryFilter */,
				8942DB97234BD7FE00511EBF /* VideoPlayerPreview */,
			);
			path = Modules;
			sourceTree = "<group>";
		};
		8968196C234C544700E72E72 /* Helpers */ = {
			isa = PBXGroup;
			children = (
				8930E2B6234AA41400B19C22 /* AnimatorHelper.swift */,
				8968196A234C543D00E72E72 /* ViewTransitionHelper.swift */,
				894C7B82234C42CB003647D4 /* BlurEffectHelper.swift */,
				896D29BE234C604D007670A6 /* AlertViewHelper.swift */,
			);
			path = Helpers;
			sourceTree = "<group>";
		};
		89796DAB2343E1AA0031835C /* UIControls */ = {
			isa = PBXGroup;
			children = (
				89796DB12343E58C0031835C /* Buttons */,
			);
			path = UIControls;
			sourceTree = "<group>";
		};
		89796DB02343E3710031835C /* Cells */ = {
			isa = PBXGroup;
			children = (
				89796DAC2343E36D0031835C /* MovieTableViewCell.swift */,
				89796DAD2343E36D0031835C /* MovieTableViewCell.xib */,
			);
			path = Cells;
			sourceTree = "<group>";
		};
		89796DB12343E58C0031835C /* Buttons */ = {
			isa = PBXGroup;
			children = (
				89796DA92343AD310031835C /* RoundButton.swift */,
			);
			path = Buttons;
			sourceTree = "<group>";
		};
		89796DB22343E5C30031835C /* Fonts */ = {
			isa = PBXGroup;
			children = (
				89796DB42343E62A0031835C /* avant-garde-light.otf */,
				89796DB32343E62A0031835C /* avant-garde-regular.otf */,
			);
			path = Fonts;
			sourceTree = "<group>";
		};
		897B3513234A3FB800E0A2E6 /* DataManager */ = {
			isa = PBXGroup;
			children = (
				8930E2BC234AA50A00B19C22 /* DataManagerProtocols.swift */,
				897B3514234A3FC500E0A2E6 /* DataManager.swift */,
			);
			path = DataManager;
			sourceTree = "<group>";
		};
		8998F18823426A9E00FD8364 = {
			isa = PBXGroup;
			children = (
				8998F19323426A9E00FD8364 /* TheMovieApp */,
				8998F1AD23426AA000FD8364 /* TheMovieAppTests */,
				8998F19223426A9E00FD8364 /* Products */,
				3080B1C84E23E702E663D0F3 /* Pods */,
				106993B56DBBC8A3B8BC33D0 /* Frameworks */,
			);
			sourceTree = "<group>";
		};
		8998F19223426A9E00FD8364 /* Products */ = {
			isa = PBXGroup;
			children = (
				8998F19123426A9E00FD8364 /* TheMovieApp.app */,
				8998F1AA23426AA000FD8364 /* TheMovieAppTests.xctest */,
			);
			name = Products;
			sourceTree = "<group>";
		};
		8998F19323426A9E00FD8364 /* TheMovieApp */ = {
			isa = PBXGroup;
			children = (
				8998F19423426A9E00FD8364 /* AppDelegate.swift */,
				8998F19623426A9E00FD8364 /* SceneDelegate.swift */,
				897B3513234A3FB800E0A2E6 /* DataManager */,
				894772C72344EB8C0038EAC3 /* APIManager */,
				894772BB2344663F0038EAC3 /* Resources */,
				89563862234BE77E00FBA749 /* Modules */,
				8998F19A23426A9E00FD8364 /* Main.storyboard */,
				8998F1A023426AA000FD8364 /* Assets.xcassets */,
				8998F1A223426AA000FD8364 /* LaunchScreen.storyboard */,
				8998F1A523426AA000FD8364 /* Info.plist */,
				8998F19D23426A9E00FD8364 /* TheMovieApp.xcdatamodeld */,
			);
			path = TheMovieApp;
			sourceTree = "<group>";
		};
		8998F1AD23426AA000FD8364 /* TheMovieAppTests */ = {
			isa = PBXGroup;
			children = (
				89AC47FF234D8D8D006D9B45 /* APIClientMock.swift */,
				89AC47FD234D8B29006D9B45 /* InteractorTests.swift */,
				8998F1B023426AA000FD8364 /* Info.plist */,
			);
			path = TheMovieAppTests;
			sourceTree = "<group>";
		};
		89A17AFD23440963007B9281 /* Helpers */ = {
			isa = PBXGroup;
			children = (
				89A17AFE23440972007B9281 /* Helpers.swift */,
			);
			path = Helpers;
			sourceTree = "<group>";
		};
		89B81F79234AFDA000C23A37 /* CategoryFilter */ = {
			isa = PBXGroup;
			children = (
				89877111234AFF7C0094E56C /* CategoryFilterViewController.swift */,
				89877113234B006B0094E56C /* CategoryTableViewCell.swift */,
				89877114234B006B0094E56C /* CategoryTableViewCell.xib */,
			);
			path = CategoryFilter;
			sourceTree = "<group>";
		};
		89DA29912347CEE000C8BF50 /* Loader */ = {
			isa = PBXGroup;
			children = (
				89DA29922347CF5400C8BF50 /* LoaderView.swift */,
				89DA298F2347CEDA00C8BF50 /* loader.json */,
			);
			path = Loader;
			sourceTree = "<group>";
		};
		89E772792343961E007FAB25 /* Catalog */ = {
			isa = PBXGroup;
			children = (
				89A17AFD23440963007B9281 /* Helpers */,
				89E7727F23439686007FAB25 /* Protocols */,
				89E7727B2343964C007FAB25 /* DataManager */,
				89E7728123439692007FAB25 /* View */,
				89E77282234396AA007FAB25 /* Interactor */,
				89E7727E2343967F007FAB25 /* Presenter */,
				89E7727C23439657007FAB25 /* Entities */,
				89E772802343968C007FAB25 /* Router */,
			);
			path = Catalog;
			sourceTree = "<group>";
		};
		89E7727A23439627007FAB25 /* MovieDetail */ = {
			isa = PBXGroup;
			children = (
				89E772972343A152007FAB25 /* Protocols */,
				89E772952343A148007FAB25 /* View */,
				89E772942343A143007FAB25 /* Interactor */,
				89E772932343A13F007FAB25 /* Presenter */,
				8914B611234BC88F000EC92A /* Entities */,
				89E772912343A136007FAB25 /* Router */,
			);
			path = MovieDetail;
			sourceTree = "<group>";
		};
		89E7727B2343964C007FAB25 /* DataManager */ = {
			isa = PBXGroup;
			children = (
				89E77284234396EB007FAB25 /* Local */,
				89E77283234396E7007FAB25 /* API */,
			);
			path = DataManager;
			sourceTree = "<group>";
		};
		89E7727C23439657007FAB25 /* Entities */ = {
			isa = PBXGroup;
			children = (
				89E77289234399F1007FAB25 /* CatalogEntity.swift */,
			);
			path = Entities;
			sourceTree = "<group>";
		};
		89E7727E2343967F007FAB25 /* Presenter */ = {
			isa = PBXGroup;
			children = (
				89E7728D23439F93007FAB25 /* CatalogPresenter.swift */,
			);
			path = Presenter;
			sourceTree = "<group>";
		};
		89E7727F23439686007FAB25 /* Protocols */ = {
			isa = PBXGroup;
			children = (
				89E772872343991D007FAB25 /* CatalogProtocols.swift */,
			);
			path = Protocols;
			sourceTree = "<group>";
		};
		89E772802343968C007FAB25 /* Router */ = {
			isa = PBXGroup;
			children = (
				89E7728F23439FA3007FAB25 /* CatalogRouter.swift */,
			);
			path = Router;
			sourceTree = "<group>";
		};
		89E7728123439692007FAB25 /* View */ = {
			isa = PBXGroup;
			children = (
				89E77285234398A4007FAB25 /* CatalogViewController.swift */,
				89796DB02343E3710031835C /* Cells */,
			);
			path = View;
			sourceTree = "<group>";
		};
		89E77282234396AA007FAB25 /* Interactor */ = {
			isa = PBXGroup;
			children = (
				89E7728B23439F85007FAB25 /* CatalogInteractor.swift */,
			);
			path = Interactor;
			sourceTree = "<group>";
		};
		89E77283234396E7007FAB25 /* API */ = {
			isa = PBXGroup;
			children = (
				8941878E234C2E2D002DDA43 /* ImageDownloader.swift */,
			);
			path = API;
			sourceTree = "<group>";
		};
		89E77284234396EB007FAB25 /* Local */ = {
			isa = PBXGroup;
			children = (
				89DA298D2347C23400C8BF50 /* CacheDataManager.swift */,
			);
			path = Local;
			sourceTree = "<group>";
		};
		89E772912343A136007FAB25 /* Router */ = {
			isa = PBXGroup;
			children = (
				89E772A12343A391007FAB25 /* MovieDetailRouter.swift */,
			);
			path = Router;
			sourceTree = "<group>";
		};
		89E772932343A13F007FAB25 /* Presenter */ = {
			isa = PBXGroup;
			children = (
				89E7729F2343A385007FAB25 /* MovieDetailPresenter.swift */,
			);
			path = Presenter;
			sourceTree = "<group>";
		};
		89E772942343A143007FAB25 /* Interactor */ = {
			isa = PBXGroup;
			children = (
				89E7729D2343A37C007FAB25 /* MovieDetailInteractor.swift */,
			);
			path = Interactor;
			sourceTree = "<group>";
		};
		89E772952343A148007FAB25 /* View */ = {
			isa = PBXGroup;
			children = (
				89E7729B2343A2D6007FAB25 /* MovieDetailViewController.swift */,
			);
			path = View;
			sourceTree = "<group>";
		};
		89E772972343A152007FAB25 /* Protocols */ = {
			isa = PBXGroup;
			children = (
				89E772992343A221007FAB25 /* MovieDetailProtocols.swift */,
			);
			path = Protocols;
			sourceTree = "<group>";
		};
/* End PBXGroup section */

/* Begin PBXNativeTarget section */
		8998F19023426A9E00FD8364 /* TheMovieApp */ = {
			isa = PBXNativeTarget;
			buildConfigurationList = 8998F1B323426AA000FD8364 /* Build configuration list for PBXNativeTarget "TheMovieApp" */;
			buildPhases = (
				0D33E0AC7980B07CB1DA8E61 /* [CP] Check Pods Manifest.lock */,
				8998F18D23426A9E00FD8364 /* Sources */,
				8998F18E23426A9E00FD8364 /* Frameworks */,
				8998F18F23426A9E00FD8364 /* Resources */,
				34A57FC8D0CE6CEFB60929E1 /* [CP] Embed Pods Frameworks */,
			);
			buildRules = (
			);
			dependencies = (
			);
			name = TheMovieApp;
			productName = TheMovieApp;
			productReference = 8998F19123426A9E00FD8364 /* TheMovieApp.app */;
			productType = "com.apple.product-type.application";
		};
		8998F1A923426AA000FD8364 /* TheMovieAppTests */ = {
			isa = PBXNativeTarget;
			buildConfigurationList = 8998F1B623426AA000FD8364 /* Build configuration list for PBXNativeTarget "TheMovieAppTests" */;
			buildPhases = (
				288CB7B21D695DFE2DEA07C4 /* [CP] Check Pods Manifest.lock */,
				8998F1A623426AA000FD8364 /* Sources */,
				8998F1A723426AA000FD8364 /* Frameworks */,
				8998F1A823426AA000FD8364 /* Resources */,
				3B5F10259DD94631A8B6E91B /* [CP] Embed Pods Frameworks */,
			);
			buildRules = (
			);
			dependencies = (
				8998F1AC23426AA000FD8364 /* PBXTargetDependency */,
			);
			name = TheMovieAppTests;
			productName = TheMovieAppTests;
			productReference = 8998F1AA23426AA000FD8364 /* TheMovieAppTests.xctest */;
			productType = "com.apple.product-type.bundle.unit-test";
		};
/* End PBXNativeTarget section */

/* Begin PBXProject section */
		8998F18923426A9E00FD8364 /* Project object */ = {
			isa = PBXProject;
			attributes = {
				LastSwiftUpdateCheck = 1100;
				LastUpgradeCheck = 1100;
				ORGANIZATIONNAME = Rappi;
				TargetAttributes = {
					8998F19023426A9E00FD8364 = {
						CreatedOnToolsVersion = 11.0;
					};
					8998F1A923426AA000FD8364 = {
						CreatedOnToolsVersion = 11.0;
						TestTargetID = 8998F19023426A9E00FD8364;
					};
				};
			};
			buildConfigurationList = 8998F18C23426A9E00FD8364 /* Build configuration list for PBXProject "TheMovieApp" */;
			compatibilityVersion = "Xcode 9.3";
			developmentRegion = en;
			hasScannedForEncodings = 0;
			knownRegions = (
				en,
				Base,
			);
			mainGroup = 8998F18823426A9E00FD8364;
			productRefGroup = 8998F19223426A9E00FD8364 /* Products */;
			projectDirPath = "";
			projectRoot = "";
			targets = (
				8998F19023426A9E00FD8364 /* TheMovieApp */,
				8998F1A923426AA000FD8364 /* TheMovieAppTests */,
			);
		};
/* End PBXProject section */

/* Begin PBXResourcesBuildPhase section */
		8998F18F23426A9E00FD8364 /* Resources */ = {
			isa = PBXResourcesBuildPhase;
			buildActionMask = 2147483647;
			files = (
				8998F1A423426AA000FD8364 /* LaunchScreen.storyboard in Resources */,
				8998F1A123426AA000FD8364 /* Assets.xcassets in Resources */,
				89796DB52343E62A0031835C /* avant-garde-regular.otf in Resources */,
				89877116234B006B0094E56C /* CategoryTableViewCell.xib in Resources */,
				89DA29902347CEDA00C8BF50 /* loader.json in Resources */,
				89796DB62343E62A0031835C /* avant-garde-light.otf in Resources */,
				89796DAF2343E36D0031835C /* MovieTableViewCell.xib in Resources */,
				8998F19C23426A9E00FD8364 /* Main.storyboard in Resources */,
			);
			runOnlyForDeploymentPostprocessing = 0;
		};
		8998F1A823426AA000FD8364 /* Resources */ = {
			isa = PBXResourcesBuildPhase;
			buildActionMask = 2147483647;
			files = (
			);
			runOnlyForDeploymentPostprocessing = 0;
		};
/* End PBXResourcesBuildPhase section */

/* Begin PBXShellScriptBuildPhase section */
		0D33E0AC7980B07CB1DA8E61 /* [CP] Check Pods Manifest.lock */ = {
			isa = PBXShellScriptBuildPhase;
			buildActionMask = 2147483647;
			files = (
			);
			inputFileListPaths = (
			);
			inputPaths = (
				"${PODS_PODFILE_DIR_PATH}/Podfile.lock",
				"${PODS_ROOT}/Manifest.lock",
			);
			name = "[CP] Check Pods Manifest.lock";
			outputFileListPaths = (
			);
			outputPaths = (
				"$(DERIVED_FILE_DIR)/Pods-TheMovieApp-checkManifestLockResult.txt",
			);
			runOnlyForDeploymentPostprocessing = 0;
			shellPath = /bin/sh;
			shellScript = "diff \"${PODS_PODFILE_DIR_PATH}/Podfile.lock\" \"${PODS_ROOT}/Manifest.lock\" > /dev/null\nif [ $? != 0 ] ; then\n    # print error to STDERR\n    echo \"error: The sandbox is not in sync with the Podfile.lock. Run 'pod install' or update your CocoaPods installation.\" >&2\n    exit 1\nfi\n# This output is used by Xcode 'outputs' to avoid re-running this script phase.\necho \"SUCCESS\" > \"${SCRIPT_OUTPUT_FILE_0}\"\n";
			showEnvVarsInLog = 0;
		};
		288CB7B21D695DFE2DEA07C4 /* [CP] Check Pods Manifest.lock */ = {
			isa = PBXShellScriptBuildPhase;
			buildActionMask = 2147483647;
			files = (
			);
			inputFileListPaths = (
			);
			inputPaths = (
				"${PODS_PODFILE_DIR_PATH}/Podfile.lock",
				"${PODS_ROOT}/Manifest.lock",
			);
			name = "[CP] Check Pods Manifest.lock";
			outputFileListPaths = (
			);
			outputPaths = (
				"$(DERIVED_FILE_DIR)/Pods-TheMovieAppTests-checkManifestLockResult.txt",
			);
			runOnlyForDeploymentPostprocessing = 0;
			shellPath = /bin/sh;
			shellScript = "diff \"${PODS_PODFILE_DIR_PATH}/Podfile.lock\" \"${PODS_ROOT}/Manifest.lock\" > /dev/null\nif [ $? != 0 ] ; then\n    # print error to STDERR\n    echo \"error: The sandbox is not in sync with the Podfile.lock. Run 'pod install' or update your CocoaPods installation.\" >&2\n    exit 1\nfi\n# This output is used by Xcode 'outputs' to avoid re-running this script phase.\necho \"SUCCESS\" > \"${SCRIPT_OUTPUT_FILE_0}\"\n";
			showEnvVarsInLog = 0;
		};
		34A57FC8D0CE6CEFB60929E1 /* [CP] Embed Pods Frameworks */ = {
			isa = PBXShellScriptBuildPhase;
			buildActionMask = 2147483647;
			files = (
			);
			inputFileListPaths = (
				"${PODS_ROOT}/Target Support Files/Pods-TheMovieApp/Pods-TheMovieApp-frameworks-${CONFIGURATION}-input-files.xcfilelist",
			);
			name = "[CP] Embed Pods Frameworks";
			outputFileListPaths = (
				"${PODS_ROOT}/Target Support Files/Pods-TheMovieApp/Pods-TheMovieApp-frameworks-${CONFIGURATION}-output-files.xcfilelist",
			);
			runOnlyForDeploymentPostprocessing = 0;
			shellPath = /bin/sh;
			shellScript = "\"${PODS_ROOT}/Target Support Files/Pods-TheMovieApp/Pods-TheMovieApp-frameworks.sh\"\n";
			showEnvVarsInLog = 0;
		};
		3B5F10259DD94631A8B6E91B /* [CP] Embed Pods Frameworks */ = {
			isa = PBXShellScriptBuildPhase;
			buildActionMask = 2147483647;
			files = (
			);
			inputFileListPaths = (
				"${PODS_ROOT}/Target Support Files/Pods-TheMovieAppTests/Pods-TheMovieAppTests-frameworks-${CONFIGURATION}-input-files.xcfilelist",
			);
			name = "[CP] Embed Pods Frameworks";
			outputFileListPaths = (
				"${PODS_ROOT}/Target Support Files/Pods-TheMovieAppTests/Pods-TheMovieAppTests-frameworks-${CONFIGURATION}-output-files.xcfilelist",
			);
			runOnlyForDeploymentPostprocessing = 0;
			shellPath = /bin/sh;
			shellScript = "\"${PODS_ROOT}/Target Support Files/Pods-TheMovieAppTests/Pods-TheMovieAppTests-frameworks.sh\"\n";
			showEnvVarsInLog = 0;
		};
/* End PBXShellScriptBuildPhase section */

/* Begin PBXSourcesBuildPhase section */
		8998F18D23426A9E00FD8364 /* Sources */ = {
			isa = PBXSourcesBuildPhase;
			buildActionMask = 2147483647;
			files = (
				89E7728C23439F85007FAB25 /* CatalogInteractor.swift in Sources */,
				8930E2BB234AA47D00B19C22 /* Extensions.swift in Sources */,
				897B3515234A3FC500E0A2E6 /* DataManager.swift in Sources */,
				895148A523466FF100597E3E /* Constants.swift in Sources */,
				8951489F23462D6400597E3E /* APIClient.swift in Sources */,
				89877115234B006B0094E56C /* CategoryTableViewCell.swift in Sources */,
				8930E2B7234AA41400B19C22 /* AnimatorHelper.swift in Sources */,
				89E7728A234399F1007FAB25 /* CatalogEntity.swift in Sources */,
				89E772A02343A385007FAB25 /* MovieDetailPresenter.swift in Sources */,
				8968196B234C543D00E72E72 /* ViewTransitionHelper.swift in Sources */,
				8998F19523426A9E00FD8364 /* AppDelegate.swift in Sources */,
				89E7729C2343A2D6007FAB25 /* MovieDetailViewController.swift in Sources */,
				89DA298E2347C23400C8BF50 /* CacheDataManager.swift in Sources */,
				896D29BF234C604D007670A6 /* AlertViewHelper.swift in Sources */,
				89E772A22343A391007FAB25 /* MovieDetailRouter.swift in Sources */,
				89796DAE2343E36D0031835C /* MovieTableViewCell.swift in Sources */,
				89796DAA2343AD310031835C /* RoundButton.swift in Sources */,
				89E77286234398A4007FAB25 /* CatalogViewController.swift in Sources */,
				89E7729A2343A221007FAB25 /* MovieDetailProtocols.swift in Sources */,
				89E772882343991D007FAB25 /* CatalogProtocols.swift in Sources */,
				8930E2BD234AA50A00B19C22 /* DataManagerProtocols.swift in Sources */,
				894C7B83234C42CB003647D4 /* BlurEffectHelper.swift in Sources */,
				89E7729E2343A37C007FAB25 /* MovieDetailInteractor.swift in Sources */,
				89E7729023439FA3007FAB25 /* CatalogRouter.swift in Sources */,
				89877112234AFF7C0094E56C /* CategoryFilterViewController.swift in Sources */,
				8998F19F23426A9E00FD8364 /* TheMovieApp.xcdatamodeld in Sources */,
				8914B610234BC883000EC92A /* MovieDetailEntity.swift in Sources */,
				89A17AFF23440972007B9281 /* Helpers.swift in Sources */,
				8998F19723426A9E00FD8364 /* SceneDelegate.swift in Sources */,
				8941878F234C2E2D002DDA43 /* ImageDownloader.swift in Sources */,
				89E7728E23439F93007FAB25 /* CatalogPresenter.swift in Sources */,
				8942DB96234BD7F900511EBF /* VideoPlayerViewController.swift in Sources */,
				89DA29942347CF5400C8BF50 /* LoaderView.swift in Sources */,
				894772C42344EB6B0038EAC3 /* APIConstants.swift in Sources */,
			);
			runOnlyForDeploymentPostprocessing = 0;
		};
		8998F1A623426AA000FD8364 /* Sources */ = {
			isa = PBXSourcesBuildPhase;
			buildActionMask = 2147483647;
			files = (
				89AC47FE234D8B29006D9B45 /* InteractorTests.swift in Sources */,
				89AC4800234D8D8D006D9B45 /* APIClientMock.swift in Sources */,
			);
			runOnlyForDeploymentPostprocessing = 0;
		};
/* End PBXSourcesBuildPhase section */

/* Begin PBXTargetDependency section */
		8998F1AC23426AA000FD8364 /* PBXTargetDependency */ = {
			isa = PBXTargetDependency;
			target = 8998F19023426A9E00FD8364 /* TheMovieApp */;
			targetProxy = 8998F1AB23426AA000FD8364 /* PBXContainerItemProxy */;
		};
/* End PBXTargetDependency section */

/* Begin PBXVariantGroup section */
		8998F19A23426A9E00FD8364 /* Main.storyboard */ = {
			isa = PBXVariantGroup;
			children = (
				8998F19B23426A9E00FD8364 /* Base */,
			);
			name = Main.storyboard;
			sourceTree = "<group>";
		};
		8998F1A223426AA000FD8364 /* LaunchScreen.storyboard */ = {
			isa = PBXVariantGroup;
			children = (
				8998F1A323426AA000FD8364 /* Base */,
			);
			name = LaunchScreen.storyboard;
			sourceTree = "<group>";
		};
/* End PBXVariantGroup section */

/* Begin XCBuildConfiguration section */
		8998F1B123426AA000FD8364 /* Debug */ = {
			isa = XCBuildConfiguration;
			buildSettings = {
				ALWAYS_SEARCH_USER_PATHS = NO;
				CLANG_ANALYZER_NONNULL = YES;
				CLANG_ANALYZER_NUMBER_OBJECT_CONVERSION = YES_AGGRESSIVE;
				CLANG_CXX_LANGUAGE_STANDARD = "gnu++14";
				CLANG_CXX_LIBRARY = "libc++";
				CLANG_ENABLE_MODULES = YES;
				CLANG_ENABLE_OBJC_ARC = YES;
				CLANG_ENABLE_OBJC_WEAK = YES;
				CLANG_WARN_BLOCK_CAPTURE_AUTORELEASING = YES;
				CLANG_WARN_BOOL_CONVERSION = YES;
				CLANG_WARN_COMMA = YES;
				CLANG_WARN_CONSTANT_CONVERSION = YES;
				CLANG_WARN_DEPRECATED_OBJC_IMPLEMENTATIONS = YES;
				CLANG_WARN_DIRECT_OBJC_ISA_USAGE = YES_ERROR;
				CLANG_WARN_DOCUMENTATION_COMMENTS = YES;
				CLANG_WARN_EMPTY_BODY = YES;
				CLANG_WARN_ENUM_CONVERSION = YES;
				CLANG_WARN_INFINITE_RECURSION = YES;
				CLANG_WARN_INT_CONVERSION = YES;
				CLANG_WARN_NON_LITERAL_NULL_CONVERSION = YES;
				CLANG_WARN_OBJC_IMPLICIT_RETAIN_SELF = YES;
				CLANG_WARN_OBJC_LITERAL_CONVERSION = YES;
				CLANG_WARN_OBJC_ROOT_CLASS = YES_ERROR;
				CLANG_WARN_RANGE_LOOP_ANALYSIS = YES;
				CLANG_WARN_STRICT_PROTOTYPES = YES;
				CLANG_WARN_SUSPICIOUS_MOVE = YES;
				CLANG_WARN_UNGUARDED_AVAILABILITY = YES_AGGRESSIVE;
				CLANG_WARN_UNREACHABLE_CODE = YES;
				CLANG_WARN__DUPLICATE_METHOD_MATCH = YES;
				COPY_PHASE_STRIP = NO;
				DEBUG_INFORMATION_FORMAT = dwarf;
				ENABLE_STRICT_OBJC_MSGSEND = YES;
				ENABLE_TESTABILITY = YES;
				GCC_C_LANGUAGE_STANDARD = gnu11;
				GCC_DYNAMIC_NO_PIC = NO;
				GCC_NO_COMMON_BLOCKS = YES;
				GCC_OPTIMIZATION_LEVEL = 0;
				GCC_PREPROCESSOR_DEFINITIONS = (
					"DEBUG=1",
					"$(inherited)",
				);
				GCC_WARN_64_TO_32_BIT_CONVERSION = YES;
				GCC_WARN_ABOUT_RETURN_TYPE = YES_ERROR;
				GCC_WARN_UNDECLARED_SELECTOR = YES;
				GCC_WARN_UNINITIALIZED_AUTOS = YES_AGGRESSIVE;
				GCC_WARN_UNUSED_FUNCTION = YES;
				GCC_WARN_UNUSED_VARIABLE = YES;
				IPHONEOS_DEPLOYMENT_TARGET = 13.0;
				MTL_ENABLE_DEBUG_INFO = INCLUDE_SOURCE;
				MTL_FAST_MATH = YES;
				ONLY_ACTIVE_ARCH = YES;
				SDKROOT = iphoneos;
				SWIFT_ACTIVE_COMPILATION_CONDITIONS = DEBUG;
				SWIFT_OPTIMIZATION_LEVEL = "-Onone";
			};
			name = Debug;
		};
		8998F1B223426AA000FD8364 /* Release */ = {
			isa = XCBuildConfiguration;
			buildSettings = {
				ALWAYS_SEARCH_USER_PATHS = NO;
				CLANG_ANALYZER_NONNULL = YES;
				CLANG_ANALYZER_NUMBER_OBJECT_CONVERSION = YES_AGGRESSIVE;
				CLANG_CXX_LANGUAGE_STANDARD = "gnu++14";
				CLANG_CXX_LIBRARY = "libc++";
				CLANG_ENABLE_MODULES = YES;
				CLANG_ENABLE_OBJC_ARC = YES;
				CLANG_ENABLE_OBJC_WEAK = YES;
				CLANG_WARN_BLOCK_CAPTURE_AUTORELEASING = YES;
				CLANG_WARN_BOOL_CONVERSION = YES;
				CLANG_WARN_COMMA = YES;
				CLANG_WARN_CONSTANT_CONVERSION = YES;
				CLANG_WARN_DEPRECATED_OBJC_IMPLEMENTATIONS = YES;
				CLANG_WARN_DIRECT_OBJC_ISA_USAGE = YES_ERROR;
				CLANG_WARN_DOCUMENTATION_COMMENTS = YES;
				CLANG_WARN_EMPTY_BODY = YES;
				CLANG_WARN_ENUM_CONVERSION = YES;
				CLANG_WARN_INFINITE_RECURSION = YES;
				CLANG_WARN_INT_CONVERSION = YES;
				CLANG_WARN_NON_LITERAL_NULL_CONVERSION = YES;
				CLANG_WARN_OBJC_IMPLICIT_RETAIN_SELF = YES;
				CLANG_WARN_OBJC_LITERAL_CONVERSION = YES;
				CLANG_WARN_OBJC_ROOT_CLASS = YES_ERROR;
				CLANG_WARN_RANGE_LOOP_ANALYSIS = YES;
				CLANG_WARN_STRICT_PROTOTYPES = YES;
				CLANG_WARN_SUSPICIOUS_MOVE = YES;
				CLANG_WARN_UNGUARDED_AVAILABILITY = YES_AGGRESSIVE;
				CLANG_WARN_UNREACHABLE_CODE = YES;
				CLANG_WARN__DUPLICATE_METHOD_MATCH = YES;
				COPY_PHASE_STRIP = NO;
				DEBUG_INFORMATION_FORMAT = "dwarf-with-dsym";
				ENABLE_NS_ASSERTIONS = NO;
				ENABLE_STRICT_OBJC_MSGSEND = YES;
				GCC_C_LANGUAGE_STANDARD = gnu11;
				GCC_NO_COMMON_BLOCKS = YES;
				GCC_WARN_64_TO_32_BIT_CONVERSION = YES;
				GCC_WARN_ABOUT_RETURN_TYPE = YES_ERROR;
				GCC_WARN_UNDECLARED_SELECTOR = YES;
				GCC_WARN_UNINITIALIZED_AUTOS = YES_AGGRESSIVE;
				GCC_WARN_UNUSED_FUNCTION = YES;
				GCC_WARN_UNUSED_VARIABLE = YES;
				IPHONEOS_DEPLOYMENT_TARGET = 13.0;
				MTL_ENABLE_DEBUG_INFO = NO;
				MTL_FAST_MATH = YES;
				SDKROOT = iphoneos;
				SWIFT_COMPILATION_MODE = wholemodule;
				SWIFT_OPTIMIZATION_LEVEL = "-O";
				VALIDATE_PRODUCT = YES;
			};
			name = Release;
		};
		8998F1B423426AA000FD8364 /* Debug */ = {
			isa = XCBuildConfiguration;
			baseConfigurationReference = 103F1069FED5FA20C8A14B8D /* Pods-TheMovieApp.debug.xcconfig */;
			buildSettings = {
				ASSETCATALOG_COMPILER_APPICON_NAME = AppIcon;
				CODE_SIGN_STYLE = Automatic;
				DEVELOPMENT_TEAM = KM3J6VP3Y4;
				INFOPLIST_FILE = TheMovieApp/Info.plist;
				LD_RUNPATH_SEARCH_PATHS = (
					"$(inherited)",
					"@executable_path/Frameworks",
				);
				PRODUCT_BUNDLE_IDENTIFIER = com.rappi.TheMovieApp;
				PRODUCT_NAME = "$(TARGET_NAME)";
				SWIFT_VERSION = 5.0;
				TARGETED_DEVICE_FAMILY = 1;
			};
			name = Debug;
		};
		8998F1B523426AA000FD8364 /* Release */ = {
			isa = XCBuildConfiguration;
			baseConfigurationReference = 642B794A194C8833D66F7F27 /* Pods-TheMovieApp.release.xcconfig */;
			buildSettings = {
				ASSETCATALOG_COMPILER_APPICON_NAME = AppIcon;
				CODE_SIGN_STYLE = Automatic;
				DEVELOPMENT_TEAM = KM3J6VP3Y4;
				INFOPLIST_FILE = TheMovieApp/Info.plist;
				LD_RUNPATH_SEARCH_PATHS = (
					"$(inherited)",
					"@executable_path/Frameworks",
				);
				PRODUCT_BUNDLE_IDENTIFIER = com.rappi.TheMovieApp;
				PRODUCT_NAME = "$(TARGET_NAME)";
				SWIFT_VERSION = 5.0;
				TARGETED_DEVICE_FAMILY = 1;
			};
			name = Release;
		};
		8998F1B723426AA000FD8364 /* Debug */ = {
			isa = XCBuildConfiguration;
			baseConfigurationReference = 72002CE99965FA4EE46B0A03 /* Pods-TheMovieAppTests.debug.xcconfig */;
			buildSettings = {
				ALWAYS_EMBED_SWIFT_STANDARD_LIBRARIES = YES;
				BUNDLE_LOADER = "$(TEST_HOST)";
				CODE_SIGN_STYLE = Automatic;
				DEVELOPMENT_TEAM = KM3J6VP3Y4;
				INFOPLIST_FILE = TheMovieAppTests/Info.plist;
				IPHONEOS_DEPLOYMENT_TARGET = 13.0;
				LD_RUNPATH_SEARCH_PATHS = (
					"$(inherited)",
					"@executable_path/Frameworks",
					"@loader_path/Frameworks",
				);
				PRODUCT_BUNDLE_IDENTIFIER = com.rappi.TheMovieAppTests;
				PRODUCT_NAME = "$(TARGET_NAME)";
				SWIFT_VERSION = 5.0;
				TARGETED_DEVICE_FAMILY = "1,2";
				TEST_HOST = "$(BUILT_PRODUCTS_DIR)/TheMovieApp.app/TheMovieApp";
			};
			name = Debug;
		};
		8998F1B823426AA000FD8364 /* Release */ = {
			isa = XCBuildConfiguration;
			baseConfigurationReference = E3766DADBA1D2EBE206E7035 /* Pods-TheMovieAppTests.release.xcconfig */;
			buildSettings = {
				ALWAYS_EMBED_SWIFT_STANDARD_LIBRARIES = YES;
				BUNDLE_LOADER = "$(TEST_HOST)";
				CODE_SIGN_STYLE = Automatic;
				DEVELOPMENT_TEAM = KM3J6VP3Y4;
				INFOPLIST_FILE = TheMovieAppTests/Info.plist;
				IPHONEOS_DEPLOYMENT_TARGET = 13.0;
				LD_RUNPATH_SEARCH_PATHS = (
					"$(inherited)",
					"@executable_path/Frameworks",
					"@loader_path/Frameworks",
				);
				PRODUCT_BUNDLE_IDENTIFIER = com.rappi.TheMovieAppTests;
				PRODUCT_NAME = "$(TARGET_NAME)";
				SWIFT_VERSION = 5.0;
				TARGETED_DEVICE_FAMILY = "1,2";
				TEST_HOST = "$(BUILT_PRODUCTS_DIR)/TheMovieApp.app/TheMovieApp";
			};
			name = Release;
		};
/* End XCBuildConfiguration section */

/* Begin XCConfigurationList section */
		8998F18C23426A9E00FD8364 /* Build configuration list for PBXProject "TheMovieApp" */ = {
			isa = XCConfigurationList;
			buildConfigurations = (
				8998F1B123426AA000FD8364 /* Debug */,
				8998F1B223426AA000FD8364 /* Release */,
			);
			defaultConfigurationIsVisible = 0;
			defaultConfigurationName = Release;
		};
		8998F1B323426AA000FD8364 /* Build configuration list for PBXNativeTarget "TheMovieApp" */ = {
			isa = XCConfigurationList;
			buildConfigurations = (
				8998F1B423426AA000FD8364 /* Debug */,
				8998F1B523426AA000FD8364 /* Release */,
			);
			defaultConfigurationIsVisible = 0;
			defaultConfigurationName = Release;
		};
		8998F1B623426AA000FD8364 /* Build configuration list for PBXNativeTarget "TheMovieAppTests" */ = {
			isa = XCConfigurationList;
			buildConfigurations = (
				8998F1B723426AA000FD8364 /* Debug */,
				8998F1B823426AA000FD8364 /* Release */,
			);
			defaultConfigurationIsVisible = 0;
			defaultConfigurationName = Release;
		};
/* End XCConfigurationList section */

/* Begin XCVersionGroup section */
		8998F19D23426A9E00FD8364 /* TheMovieApp.xcdatamodeld */ = {
			isa = XCVersionGroup;
			children = (
				8998F19E23426A9E00FD8364 /* TheMovieApp.xcdatamodel */,
			);
			currentVersion = 8998F19E23426A9E00FD8364 /* TheMovieApp.xcdatamodel */;
			path = TheMovieApp.xcdatamodeld;
			sourceTree = "<group>";
			versionGroupType = wrapper.xcdatamodel;
		};
/* End XCVersionGroup section */
	};
	rootObject = 8998F18923426A9E00FD8364 /* Project object */;
}
